
Microsoft Visual Studio Solution File, Format Version 12.00
# Visual Studio Version 17
VisualStudioVersion = 17.4.33103.184
MinimumVisualStudioVersion = 10.0.40219.1
Project("{9A19103F-16F7-4668-BE54-9A1E7A4F7556}") = "JetbuiltApp", "JetbuiltApp.csproj", "{694DFF9E-4D1B-4FDB-95C2-10EEB33BA030}"
EndProject
Global
	GlobalSection(SolutionConfigurationPlatforms) = preSolution
		Debug|Any CPU = Debug|Any CPU
		Release|Any CPU = Release|Any CPU
	EndGlobalSection
	GlobalSection(ProjectConfigurationPlatforms) = postSolution
		{694DFF9E-4D1B-4FDB-95C2-10EEB33BA030}.Debug|Any CPU.ActiveCfg = Debug|Any CPU
		{694DFF9E-4D1B-4FDB-95C2-10EEB33BA030}.Debug|Any CPU.Build.0 = Debug|Any CPU
		{694DFF9E-4D1B-4FDB-95C2-10EEB33BA030}.Release|Any CPU.ActiveCfg = Release|Any CPU
		{694DFF9E-4D1B-4FDB-95C2-10EEB33BA030}.Release|Any CPU.Build.0 = Release|Any CPU
	EndGlobalSection
	GlobalSection(SolutionProperties) = preSolution
		HideSolutionNode = FALSE
	EndGlobalSection
	GlobalSection(ExtensibilityGlobals) = postSolution
		SolutionGuid = {1B45C96B-8255-46B4-8C0E-4714F37BD610}
	EndGlobalSection
EndGlobal
